
Microsoft Visual Studio Solution File, Format Version 12.00
# Visual Studio Version 16
VisualStudioVersion = 16.0.30523.141
MinimumVisualStudioVersion = 10.0.40219.1
Project("{FAE04EC0-301F-11D3-BF4B-00C04F79EFBC}") = "SendTwilloCall", "SendTwilloCall\SendTwilloCall.csproj", "{81325581-6407-4BA6-B26A-8EBDCA5AEE91}"
EndProject
Project("{FAE04EC0-301F-11D3-BF4B-00C04F79EFBC}") = "SendTwilloTest", "SendTwilloTest\SendTwilloTest.csproj", "{98F5A677-BA54-4156-B1DA-50AAF3973EF8}"
EndProject
Global
	GlobalSection(SolutionConfigurationPlatforms) = preSolution
		Debug|Any CPU = Debug|Any CPU
		Release|Any CPU = Release|Any CPU
	EndGlobalSection
	GlobalSection(ProjectConfigurationPlatforms) = postSolution
		{81325581-6407-4BA6-B26A-8EBDCA5AEE91}.Debug|Any CPU.ActiveCfg = Debug|Any CPU
		{81325581-6407-4BA6-B26A-8EBDCA5AEE91}.Debug|Any CPU.Build.0 = Debug|Any CPU
		{81325581-6407-4BA6-B26A-8EBDCA5AEE91}.Release|Any CPU.ActiveCfg = Release|Any CPU
		{81325581-6407-4BA6-B26A-8EBDCA5AEE91}.Release|Any CPU.Build.0 = Release|Any CPU
		{98F5A677-BA54-4156-B1DA-50AAF3973EF8}.Debug|Any CPU.ActiveCfg = Debug|Any CPU
		{98F5A677-BA54-4156-B1DA-50AAF3973EF8}.Debug|Any CPU.Build.0 = Debug|Any CPU
		{98F5A677-BA54-4156-B1DA-50AAF3973EF8}.Release|Any CPU.ActiveCfg = Release|Any CPU
		{98F5A677-BA54-4156-B1DA-50AAF3973EF8}.Release|Any CPU.Build.0 = Release|Any CPU
	EndGlobalSection
	GlobalSection(SolutionProperties) = preSolution
		HideSolutionNode = FALSE
	EndGlobalSection
	GlobalSection(ExtensibilityGlobals) = postSolution
		SolutionGuid = {B589D9B5-5ECE-485B-B822-E5D299A771A7}
	EndGlobalSection
EndGlobal
